
Microsoft Visual Studio Solution File, Format Version 12.00
# Visual Studio 2012
Project("{FAE04EC0-301F-11D3-BF4B-00C04F79EFBC}") = "LRUCache", "LRUCache\LRUCache.csproj", "{21795328-256D-4FF6-A349-2673E7B08A6F}"
EndProject
Global
	GlobalSection(SolutionConfigurationPlatforms) = preSolution
		Debug|Any CPU = Debug|Any CPU
		Release|Any CPU = Release|Any CPU
	EndGlobalSection
	GlobalSection(ProjectConfigurationPlatforms) = postSolution
		{21795328-256D-4FF6-A349-2673E7B08A6F}.Debug|Any CPU.ActiveCfg = Debug|Any CPU
		{21795328-256D-4FF6-A349-2673E7B08A6F}.Debug|Any CPU.Build.0 = Debug|Any CPU
		{21795328-256D-4FF6-A349-2673E7B08A6F}.Release|Any CPU.ActiveCfg = Release|Any CPU
		{21795328-256D-4FF6-A349-2673E7B08A6F}.Release|Any CPU.Build.0 = Release|Any CPU
	EndGlobalSection
EndGlobal
